
Microsoft Visual Studio Solution File, Format Version 12.00
# Visual Studio Version 17
VisualStudioVersion = 17.13.35818.85 d17.13
MinimumVisualStudioVersion = 10.0.40219.1
Project("{FAE04EC0-301F-11D3-BF4B-00C04F79EFBC}") = "BTL_Net", "BTL_Net\BTL_Net.csproj", "{D06100E5-F2AD-4940-99AF-16E0868EBC73}"
EndProject
Global
	GlobalSection(SolutionConfigurationPlatforms) = preSolution
		Debug|Any CPU = Debug|Any CPU
		Release|Any CPU = Release|Any CPU
	EndGlobalSection
	GlobalSection(ProjectConfigurationPlatforms) = postSolution
		{D06100E5-F2AD-4940-99AF-16E0868EBC73}.Debug|Any CPU.ActiveCfg = Debug|Any CPU
		{D06100E5-F2AD-4940-99AF-16E0868EBC73}.Debug|Any CPU.Build.0 = Debug|Any CPU
		{D06100E5-F2AD-4940-99AF-16E0868EBC73}.Release|Any CPU.ActiveCfg = Release|Any CPU
		{D06100E5-F2AD-4940-99AF-16E0868EBC73}.Release|Any CPU.Build.0 = Release|Any CPU
	EndGlobalSection
	GlobalSection(SolutionProperties) = preSolution
		HideSolutionNode = FALSE
	EndGlobalSection
	GlobalSection(ExtensibilityGlobals) = postSolution
		SolutionGuid = {E1482E87-94A5-4F5A-B9C7-E9EA020D13AB}
	EndGlobalSection
EndGlobal
